
Microsoft Visual Studio Solution File, Format Version 12.00
# Visual Studio Version 17
VisualStudioVersion = 17.8.34601.278
MinimumVisualStudioVersion = 10.0.40219.1
Project("{FAE04EC0-301F-11D3-BF4B-00C04F79EFBC}") = "BuildingIdentify", "BuildingIdentify\BuildingIdentify.csproj", "{11F255C8-F11C-408A-BE57-21CB241B7665}"
EndProject
Global
	GlobalSection(SolutionConfigurationPlatforms) = preSolution
		Debug|Any CPU = Debug|Any CPU
		Release|Any CPU = Release|Any CPU
	EndGlobalSection
	GlobalSection(ProjectConfigurationPlatforms) = postSolution
		{11F255C8-F11C-408A-BE57-21CB241B7665}.Debug|Any CPU.ActiveCfg = Debug|Any CPU
		{11F255C8-F11C-408A-BE57-21CB241B7665}.Debug|Any CPU.Build.0 = Debug|Any CPU
		{11F255C8-F11C-408A-BE57-21CB241B7665}.Release|Any CPU.ActiveCfg = Release|Any CPU
		{11F255C8-F11C-408A-BE57-21CB241B7665}.Release|Any CPU.Build.0 = Release|Any CPU
	EndGlobalSection
	GlobalSection(SolutionProperties) = preSolution
		HideSolutionNode = FALSE
	EndGlobalSection
	GlobalSection(ExtensibilityGlobals) = postSolution
		SolutionGuid = {A276B539-7D08-4428-AB33-25C13063FAD2}
	EndGlobalSection
EndGlobal
